
Microsoft Visual Studio Solution File, Format Version 12.00
# Visual Studio Version 17
VisualStudioVersion = 17.0.31919.166
MinimumVisualStudioVersion = 10.0.40219.1
Project("{FAE04EC0-301F-11D3-BF4B-00C04F79EFBC}") = "Localization", "Localization\Localization.csproj", "{6BDE389C-E3B1-450C-A329-60A6EDF9D6AE}"
EndProject
Project("{FAE04EC0-301F-11D3-BF4B-00C04F79EFBC}") = "Tests", "Tests\Tests.csproj", "{7E1BD5A2-9264-4C3C-AF11-3D30E94C7361}"
EndProject
Global
	GlobalSection(SolutionConfigurationPlatforms) = preSolution
		Debug|Any CPU = Debug|Any CPU
		Release|Any CPU = Release|Any CPU
	EndGlobalSection
	GlobalSection(ProjectConfigurationPlatforms) = postSolution
		{6BDE389C-E3B1-450C-A329-60A6EDF9D6AE}.Debug|Any CPU.ActiveCfg = Debug|Any CPU
		{6BDE389C-E3B1-450C-A329-60A6EDF9D6AE}.Debug|Any CPU.Build.0 = Debug|Any CPU
		{6BDE389C-E3B1-450C-A329-60A6EDF9D6AE}.Release|Any CPU.ActiveCfg = Release|Any CPU
		{6BDE389C-E3B1-450C-A329-60A6EDF9D6AE}.Release|Any CPU.Build.0 = Release|Any CPU
		{7E1BD5A2-9264-4C3C-AF11-3D30E94C7361}.Debug|Any CPU.ActiveCfg = Debug|Any CPU
		{7E1BD5A2-9264-4C3C-AF11-3D30E94C7361}.Debug|Any CPU.Build.0 = Debug|Any CPU
		{7E1BD5A2-9264-4C3C-AF11-3D30E94C7361}.Release|Any CPU.ActiveCfg = Release|Any CPU
		{7E1BD5A2-9264-4C3C-AF11-3D30E94C7361}.Release|Any CPU.Build.0 = Release|Any CPU
	EndGlobalSection
	GlobalSection(SolutionProperties) = preSolution
		HideSolutionNode = FALSE
	EndGlobalSection
	GlobalSection(ExtensibilityGlobals) = postSolution
		SolutionGuid = {906C9BDE-A375-43FB-8320-3EDB34134C01}
	EndGlobalSection
EndGlobal
